
Microsoft Visual Studio Solution File, Format Version 11.00
# Visual Studio 2010
Project("{FAE04EC0-301F-11D3-BF4B-00C04F79EFBC}") = "ApplicationHost", "ApplicationHost\ApplicationHost.csproj", "{D64A4651-2972-4F0D-8D34-D89ECC0A63B7}"
EndProject
Project("{FAE04EC0-301F-11D3-BF4B-00C04F79EFBC}") = "UserManageModule", "UserManageModule\UserManageModule.csproj", "{F1BECE2D-00B3-4133-9538-BB46EABEB96D}"
EndProject
Project("{FAE04EC0-301F-11D3-BF4B-00C04F79EFBC}") = "BusinessService", "BusinessService\BusinessService.csproj", "{2DF250CB-F0C3-4B49-8634-DD51E255ED92}"
EndProject
Project("{FAE04EC0-301F-11D3-BF4B-00C04F79EFBC}") = "ReportingModule", "ReportingModule\ReportingModule.csproj", "{D5F018C3-BEAA-410F-A75F-5C83FA3AACAA}"
EndProject
Project("{FAE04EC0-301F-11D3-BF4B-00C04F79EFBC}") = "DomainModel", "DomainModel\DomainModel.csproj", "{C1A9EA4B-EDEE-45FB-BB32-711CBC24D560}"
EndProject
Project("{FAE04EC0-301F-11D3-BF4B-00C04F79EFBC}") = "Prism.UnityExtensions.Desktop", "Prism.UnityExtensions\Prism.UnityExtensions.Desktop.csproj", "{17831F3B-6B82-4916-BD2B-2CE2071EA622}"
EndProject
Project("{FAE04EC0-301F-11D3-BF4B-00C04F79EFBC}") = "Prism.Desktop", "Prism\Prism.Desktop.csproj", "{77138947-1D13-4E22-AEE0-5D0DD046CA34}"
EndProject
Global
	GlobalSection(TestCaseManagementSettings) = postSolution
		CategoryFile = Brief.vsmdi
	EndGlobalSection
	GlobalSection(SolutionConfigurationPlatforms) = preSolution
		Debug|Any CPU = Debug|Any CPU
		Debug|Mixed Platforms = Debug|Mixed Platforms
		Debug|x86 = Debug|x86
		Release|Any CPU = Release|Any CPU
		Release|Mixed Platforms = Release|Mixed Platforms
		Release|x86 = Release|x86
	EndGlobalSection
	GlobalSection(ProjectConfigurationPlatforms) = postSolution
		{D64A4651-2972-4F0D-8D34-D89ECC0A63B7}.Debug|Any CPU.ActiveCfg = Debug|x86
		{D64A4651-2972-4F0D-8D34-D89ECC0A63B7}.Debug|Mixed Platforms.ActiveCfg = Debug|x86
		{D64A4651-2972-4F0D-8D34-D89ECC0A63B7}.Debug|Mixed Platforms.Build.0 = Debug|x86
		{D64A4651-2972-4F0D-8D34-D89ECC0A63B7}.Debug|x86.ActiveCfg = Debug|x86
		{D64A4651-2972-4F0D-8D34-D89ECC0A63B7}.Debug|x86.Build.0 = Debug|x86
		{D64A4651-2972-4F0D-8D34-D89ECC0A63B7}.Release|Any CPU.ActiveCfg = Release|x86
		{D64A4651-2972-4F0D-8D34-D89ECC0A63B7}.Release|Mixed Platforms.ActiveCfg = Release|x86
		{D64A4651-2972-4F0D-8D34-D89ECC0A63B7}.Release|Mixed Platforms.Build.0 = Release|x86
		{D64A4651-2972-4F0D-8D34-D89ECC0A63B7}.Release|x86.ActiveCfg = Release|x86
		{D64A4651-2972-4F0D-8D34-D89ECC0A63B7}.Release|x86.Build.0 = Release|x86
		{F1BECE2D-00B3-4133-9538-BB46EABEB96D}.Debug|Any CPU.ActiveCfg = Debug|Any CPU
		{F1BECE2D-00B3-4133-9538-BB46EABEB96D}.Debug|Any CPU.Build.0 = Debug|Any CPU
		{F1BECE2D-00B3-4133-9538-BB46EABEB96D}.Debug|Mixed Platforms.ActiveCfg = Debug|Any CPU
		{F1BECE2D-00B3-4133-9538-BB46EABEB96D}.Debug|Mixed Platforms.Build.0 = Debug|Any CPU
		{F1BECE2D-00B3-4133-9538-BB46EABEB96D}.Debug|x86.ActiveCfg = Debug|Any CPU
		{F1BECE2D-00B3-4133-9538-BB46EABEB96D}.Release|Any CPU.ActiveCfg = Release|Any CPU
		{F1BECE2D-00B3-4133-9538-BB46EABEB96D}.Release|Any CPU.Build.0 = Release|Any CPU
		{F1BECE2D-00B3-4133-9538-BB46EABEB96D}.Release|Mixed Platforms.ActiveCfg = Release|Any CPU
		{F1BECE2D-00B3-4133-9538-BB46EABEB96D}.Release|Mixed Platforms.Build.0 = Release|Any CPU
		{F1BECE2D-00B3-4133-9538-BB46EABEB96D}.Release|x86.ActiveCfg = Release|Any CPU
		{2DF250CB-F0C3-4B49-8634-DD51E255ED92}.Debug|Any CPU.ActiveCfg = Debug|Any CPU
		{2DF250CB-F0C3-4B49-8634-DD51E255ED92}.Debug|Any CPU.Build.0 = Debug|Any CPU
		{2DF250CB-F0C3-4B49-8634-DD51E255ED92}.Debug|Mixed Platforms.ActiveCfg = Debug|Any CPU
		{2DF250CB-F0C3-4B49-8634-DD51E255ED92}.Debug|Mixed Platforms.Build.0 = Debug|Any CPU
		{2DF250CB-F0C3-4B49-8634-DD51E255ED92}.Debug|x86.ActiveCfg = Debug|Any CPU
		{2DF250CB-F0C3-4B49-8634-DD51E255ED92}.Release|Any CPU.ActiveCfg = Release|Any CPU
		{2DF250CB-F0C3-4B49-8634-DD51E255ED92}.Release|Any CPU.Build.0 = Release|Any CPU
		{2DF250CB-F0C3-4B49-8634-DD51E255ED92}.Release|Mixed Platforms.ActiveCfg = Release|Any CPU
		{2DF250CB-F0C3-4B49-8634-DD51E255ED92}.Release|Mixed Platforms.Build.0 = Release|Any CPU
		{2DF250CB-F0C3-4B49-8634-DD51E255ED92}.Release|x86.ActiveCfg = Release|Any CPU
		{D5F018C3-BEAA-410F-A75F-5C83FA3AACAA}.Debug|Any CPU.ActiveCfg = Debug|Any CPU
		{D5F018C3-BEAA-410F-A75F-5C83FA3AACAA}.Debug|Any CPU.Build.0 = Debug|Any CPU
		{D5F018C3-BEAA-410F-A75F-5C83FA3AACAA}.Debug|Mixed Platforms.ActiveCfg = Debug|Any CPU
		{D5F018C3-BEAA-410F-A75F-5C83FA3AACAA}.Debug|Mixed Platforms.Build.0 = Debug|Any CPU
		{D5F018C3-BEAA-410F-A75F-5C83FA3AACAA}.Debug|x86.ActiveCfg = Debug|Any CPU
		{D5F018C3-BEAA-410F-A75F-5C83FA3AACAA}.Release|Any CPU.ActiveCfg = Release|Any CPU
		{D5F018C3-BEAA-410F-A75F-5C83FA3AACAA}.Release|Any CPU.Build.0 = Release|Any CPU
		{D5F018C3-BEAA-410F-A75F-5C83FA3AACAA}.Release|Mixed Platforms.ActiveCfg = Release|Any CPU
		{D5F018C3-BEAA-410F-A75F-5C83FA3AACAA}.Release|Mixed Platforms.Build.0 = Release|Any CPU
		{D5F018C3-BEAA-410F-A75F-5C83FA3AACAA}.Release|x86.ActiveCfg = Release|Any CPU
		{C1A9EA4B-EDEE-45FB-BB32-711CBC24D560}.Debug|Any CPU.ActiveCfg = Debug|Any CPU
		{C1A9EA4B-EDEE-45FB-BB32-711CBC24D560}.Debug|Any CPU.Build.0 = Debug|Any CPU
		{C1A9EA4B-EDEE-45FB-BB32-711CBC24D560}.Debug|Mixed Platforms.ActiveCfg = Debug|Any CPU
		{C1A9EA4B-EDEE-45FB-BB32-711CBC24D560}.Debug|Mixed Platforms.Build.0 = Debug|Any CPU
		{C1A9EA4B-EDEE-45FB-BB32-711CBC24D560}.Debug|x86.ActiveCfg = Debug|Any CPU
		{C1A9EA4B-EDEE-45FB-BB32-711CBC24D560}.Release|Any CPU.ActiveCfg = Release|Any CPU
		{C1A9EA4B-EDEE-45FB-BB32-711CBC24D560}.Release|Any CPU.Build.0 = Release|Any CPU
		{C1A9EA4B-EDEE-45FB-BB32-711CBC24D560}.Release|Mixed Platforms.ActiveCfg = Release|Any CPU
		{C1A9EA4B-EDEE-45FB-BB32-711CBC24D560}.Release|Mixed Platforms.Build.0 = Release|Any CPU
		{C1A9EA4B-EDEE-45FB-BB32-711CBC24D560}.Release|x86.ActiveCfg = Release|Any CPU
		{17831F3B-6B82-4916-BD2B-2CE2071EA622}.Debug|Any CPU.ActiveCfg = Debug|Any CPU
		{17831F3B-6B82-4916-BD2B-2CE2071EA622}.Debug|Any CPU.Build.0 = Debug|Any CPU
		{17831F3B-6B82-4916-BD2B-2CE2071EA622}.Debug|Mixed Platforms.ActiveCfg = Debug|Any CPU
		{17831F3B-6B82-4916-BD2B-2CE2071EA622}.Debug|Mixed Platforms.Build.0 = Debug|Any CPU
		{17831F3B-6B82-4916-BD2B-2CE2071EA622}.Debug|x86.ActiveCfg = Debug|Any CPU
		{17831F3B-6B82-4916-BD2B-2CE2071EA622}.Release|Any CPU.ActiveCfg = Release|Any CPU
		{17831F3B-6B82-4916-BD2B-2CE2071EA622}.Release|Any CPU.Build.0 = Release|Any CPU
		{17831F3B-6B82-4916-BD2B-2CE2071EA622}.Release|Mixed Platforms.ActiveCfg = Release|Any CPU
		{17831F3B-6B82-4916-BD2B-2CE2071EA622}.Release|Mixed Platforms.Build.0 = Release|Any CPU
		{17831F3B-6B82-4916-BD2B-2CE2071EA622}.Release|x86.ActiveCfg = Release|Any CPU
		{77138947-1D13-4E22-AEE0-5D0DD046CA34}.Debug|Any CPU.ActiveCfg = Debug|Any CPU
		{77138947-1D13-4E22-AEE0-5D0DD046CA34}.Debug|Any CPU.Build.0 = Debug|Any CPU
		{77138947-1D13-4E22-AEE0-5D0DD046CA34}.Debug|Mixed Platforms.ActiveCfg = Debug|Any CPU
		{77138947-1D13-4E22-AEE0-5D0DD046CA34}.Debug|Mixed Platforms.Build.0 = Debug|Any CPU
		{77138947-1D13-4E22-AEE0-5D0DD046CA34}.Debug|x86.ActiveCfg = Debug|Any CPU
		{77138947-1D13-4E22-AEE0-5D0DD046CA34}.Release|Any CPU.ActiveCfg = Release|Any CPU
		{77138947-1D13-4E22-AEE0-5D0DD046CA34}.Release|Any CPU.Build.0 = Release|Any CPU
		{77138947-1D13-4E22-AEE0-5D0DD046CA34}.Release|Mixed Platforms.ActiveCfg = Release|Any CPU
		{77138947-1D13-4E22-AEE0-5D0DD046CA34}.Release|Mixed Platforms.Build.0 = Release|Any CPU
		{77138947-1D13-4E22-AEE0-5D0DD046CA34}.Release|x86.ActiveCfg = Release|Any CPU
	EndGlobalSection
	GlobalSection(SolutionProperties) = preSolution
		HideSolutionNode = FALSE
	EndGlobalSection
EndGlobal
