
Microsoft Visual Studio Solution File, Format Version 11.00
# Visual Studio 2010
Project("{FAE04EC0-301F-11D3-BF4B-00C04F79EFBC}") = "ApplicationHost", "ApplicationHost\ApplicationHost.csproj", "{D64A4651-2972-4F0D-8D34-D89ECC0A63B7}"
EndProject
Project("{FAE04EC0-301F-11D3-BF4B-00C04F79EFBC}") = "UserManageModule", "UserManageModule\UserManageModule.csproj", "{F1BECE2D-00B3-4133-9538-BB46EABEB96D}"
EndProject
Global
	GlobalSection(TestCaseManagementSettings) = postSolution
		CategoryFile = Brief.vsmdi
	EndGlobalSection
	GlobalSection(SolutionConfigurationPlatforms) = preSolution
		Debug|Any CPU = Debug|Any CPU
		Debug|Mixed Platforms = Debug|Mixed Platforms
		Debug|x86 = Debug|x86
		Release|Any CPU = Release|Any CPU
		Release|Mixed Platforms = Release|Mixed Platforms
		Release|x86 = Release|x86
	EndGlobalSection
	GlobalSection(ProjectConfigurationPlatforms) = postSolution
		{D64A4651-2972-4F0D-8D34-D89ECC0A63B7}.Debug|Any CPU.ActiveCfg = Debug|x86
		{D64A4651-2972-4F0D-8D34-D89ECC0A63B7}.Debug|Mixed Platforms.ActiveCfg = Debug|x86
		{D64A4651-2972-4F0D-8D34-D89ECC0A63B7}.Debug|Mixed Platforms.Build.0 = Debug|x86
		{D64A4651-2972-4F0D-8D34-D89ECC0A63B7}.Debug|x86.ActiveCfg = Debug|x86
		{D64A4651-2972-4F0D-8D34-D89ECC0A63B7}.Debug|x86.Build.0 = Debug|x86
		{D64A4651-2972-4F0D-8D34-D89ECC0A63B7}.Release|Any CPU.ActiveCfg = Release|x86
		{D64A4651-2972-4F0D-8D34-D89ECC0A63B7}.Release|Mixed Platforms.ActiveCfg = Release|x86
		{D64A4651-2972-4F0D-8D34-D89ECC0A63B7}.Release|Mixed Platforms.Build.0 = Release|x86
		{D64A4651-2972-4F0D-8D34-D89ECC0A63B7}.Release|x86.ActiveCfg = Release|x86
		{D64A4651-2972-4F0D-8D34-D89ECC0A63B7}.Release|x86.Build.0 = Release|x86
		{F1BECE2D-00B3-4133-9538-BB46EABEB96D}.Debug|Any CPU.ActiveCfg = Debug|Any CPU
		{F1BECE2D-00B3-4133-9538-BB46EABEB96D}.Debug|Any CPU.Build.0 = Debug|Any CPU
		{F1BECE2D-00B3-4133-9538-BB46EABEB96D}.Debug|Mixed Platforms.ActiveCfg = Debug|Any CPU
		{F1BECE2D-00B3-4133-9538-BB46EABEB96D}.Debug|Mixed Platforms.Build.0 = Debug|Any CPU
		{F1BECE2D-00B3-4133-9538-BB46EABEB96D}.Debug|x86.ActiveCfg = Debug|Any CPU
		{F1BECE2D-00B3-4133-9538-BB46EABEB96D}.Release|Any CPU.ActiveCfg = Release|Any CPU
		{F1BECE2D-00B3-4133-9538-BB46EABEB96D}.Release|Any CPU.Build.0 = Release|Any CPU
		{F1BECE2D-00B3-4133-9538-BB46EABEB96D}.Release|Mixed Platforms.ActiveCfg = Release|Any CPU
		{F1BECE2D-00B3-4133-9538-BB46EABEB96D}.Release|Mixed Platforms.Build.0 = Release|Any CPU
		{F1BECE2D-00B3-4133-9538-BB46EABEB96D}.Release|x86.ActiveCfg = Release|Any CPU
	EndGlobalSection
	GlobalSection(SolutionProperties) = preSolution
		HideSolutionNode = FALSE
	EndGlobalSection
EndGlobal
