
Microsoft Visual Studio Solution File, Format Version 11.00
# Visual Studio 2010
Project("{FAE04EC0-301F-11D3-BF4B-00C04F79EFBC}") = "Core", "Core\Core.csproj", "{72DA6619-B8C5-4189-BE52-CC0F0FCFFF67}"
EndProject
Project("{FAE04EC0-301F-11D3-BF4B-00C04F79EFBC}") = "Utility", "Utility\Utility.csproj", "{8D45C50B-B6AF-4E1D-BB1B-23AD9ACA1A69}"
EndProject
Project("{FAE04EC0-301F-11D3-BF4B-00C04F79EFBC}") = "Test", "Test\Test.csproj", "{4E5FB743-B133-4D34-8596-61005C541C6B}"
EndProject
Project("{FAE04EC0-301F-11D3-BF4B-00C04F79EFBC}") = "ConsoleTest", "ConsoleTest\ConsoleTest.csproj", "{D3F92655-7DAC-4FE2-A561-717B7F9D3478}"
EndProject
Project("{FAE04EC0-301F-11D3-BF4B-00C04F79EFBC}") = "Snake", "Snake\Snake.csproj", "{53448031-0811-48B6-A765-0B18B484D783}"
EndProject
Project("{FAE04EC0-301F-11D3-BF4B-00C04F79EFBC}") = "Algorithms", "Algorithms\Algorithms.csproj", "{26F00C1A-DB21-4EEA-BA51-1E3769C27DE7}"
EndProject
Project("{FAE04EC0-301F-11D3-BF4B-00C04F79EFBC}") = "AlgorithmDemo", "AlgorithmDemo\AlgorithmDemo.csproj", "{2822089A-8A4D-4B41-B69D-1E0EC0FEAAEA}"
EndProject
Project("{FAE04EC0-301F-11D3-BF4B-00C04F79EFBC}") = "Geometria", "Geometria\Geometria.csproj", "{F7F94CAE-47E0-44A9-B52E-777F68BF9EEC}"
EndProject
Global
	GlobalSection(TestCaseManagementSettings) = postSolution
		CategoryFile = Brief.vsmdi
	EndGlobalSection
	GlobalSection(SolutionConfigurationPlatforms) = preSolution
		Debug|Any CPU = Debug|Any CPU
		Debug|Mixed Platforms = Debug|Mixed Platforms
		Debug|Win32 = Debug|Win32
		Debug|x64 = Debug|x64
		Debug|x86 = Debug|x86
		Release|Any CPU = Release|Any CPU
		Release|Mixed Platforms = Release|Mixed Platforms
		Release|Win32 = Release|Win32
		Release|x64 = Release|x64
		Release|x86 = Release|x86
		Release64|Any CPU = Release64|Any CPU
		Release64|Mixed Platforms = Release64|Mixed Platforms
		Release64|Win32 = Release64|Win32
		Release64|x64 = Release64|x64
		Release64|x86 = Release64|x86
	EndGlobalSection
	GlobalSection(ProjectConfigurationPlatforms) = postSolution
		{72DA6619-B8C5-4189-BE52-CC0F0FCFFF67}.Debug|Any CPU.ActiveCfg = Debug|Any CPU
		{72DA6619-B8C5-4189-BE52-CC0F0FCFFF67}.Debug|Any CPU.Build.0 = Debug|Any CPU
		{72DA6619-B8C5-4189-BE52-CC0F0FCFFF67}.Debug|Mixed Platforms.ActiveCfg = Debug|Any CPU
		{72DA6619-B8C5-4189-BE52-CC0F0FCFFF67}.Debug|Mixed Platforms.Build.0 = Debug|Any CPU
		{72DA6619-B8C5-4189-BE52-CC0F0FCFFF67}.Debug|Win32.ActiveCfg = Debug|Any CPU
		{72DA6619-B8C5-4189-BE52-CC0F0FCFFF67}.Debug|x64.ActiveCfg = Debug|Any CPU
		{72DA6619-B8C5-4189-BE52-CC0F0FCFFF67}.Debug|x86.ActiveCfg = Debug|Any CPU
		{72DA6619-B8C5-4189-BE52-CC0F0FCFFF67}.Release|Any CPU.ActiveCfg = Release|Any CPU
		{72DA6619-B8C5-4189-BE52-CC0F0FCFFF67}.Release|Any CPU.Build.0 = Release|Any CPU
		{72DA6619-B8C5-4189-BE52-CC0F0FCFFF67}.Release|Mixed Platforms.ActiveCfg = Release|Any CPU
		{72DA6619-B8C5-4189-BE52-CC0F0FCFFF67}.Release|Mixed Platforms.Build.0 = Release|Any CPU
		{72DA6619-B8C5-4189-BE52-CC0F0FCFFF67}.Release|Win32.ActiveCfg = Release|Any CPU
		{72DA6619-B8C5-4189-BE52-CC0F0FCFFF67}.Release|x64.ActiveCfg = Release|Any CPU
		{72DA6619-B8C5-4189-BE52-CC0F0FCFFF67}.Release|x86.ActiveCfg = Release|Any CPU
		{72DA6619-B8C5-4189-BE52-CC0F0FCFFF67}.Release64|Any CPU.ActiveCfg = Release|Any CPU
		{72DA6619-B8C5-4189-BE52-CC0F0FCFFF67}.Release64|Any CPU.Build.0 = Release|Any CPU
		{72DA6619-B8C5-4189-BE52-CC0F0FCFFF67}.Release64|Mixed Platforms.ActiveCfg = Release|Any CPU
		{72DA6619-B8C5-4189-BE52-CC0F0FCFFF67}.Release64|Mixed Platforms.Build.0 = Release|Any CPU
		{72DA6619-B8C5-4189-BE52-CC0F0FCFFF67}.Release64|Win32.ActiveCfg = Release|Any CPU
		{72DA6619-B8C5-4189-BE52-CC0F0FCFFF67}.Release64|x64.ActiveCfg = Release|Any CPU
		{72DA6619-B8C5-4189-BE52-CC0F0FCFFF67}.Release64|x86.ActiveCfg = Release|Any CPU
		{8D45C50B-B6AF-4E1D-BB1B-23AD9ACA1A69}.Debug|Any CPU.ActiveCfg = Debug|Any CPU
		{8D45C50B-B6AF-4E1D-BB1B-23AD9ACA1A69}.Debug|Any CPU.Build.0 = Debug|Any CPU
		{8D45C50B-B6AF-4E1D-BB1B-23AD9ACA1A69}.Debug|Mixed Platforms.ActiveCfg = Debug|Any CPU
		{8D45C50B-B6AF-4E1D-BB1B-23AD9ACA1A69}.Debug|Mixed Platforms.Build.0 = Debug|Any CPU
		{8D45C50B-B6AF-4E1D-BB1B-23AD9ACA1A69}.Debug|Win32.ActiveCfg = Debug|Any CPU
		{8D45C50B-B6AF-4E1D-BB1B-23AD9ACA1A69}.Debug|x64.ActiveCfg = Debug|Any CPU
		{8D45C50B-B6AF-4E1D-BB1B-23AD9ACA1A69}.Debug|x86.ActiveCfg = Debug|Any CPU
		{8D45C50B-B6AF-4E1D-BB1B-23AD9ACA1A69}.Release|Any CPU.ActiveCfg = Release|Any CPU
		{8D45C50B-B6AF-4E1D-BB1B-23AD9ACA1A69}.Release|Any CPU.Build.0 = Release|Any CPU
		{8D45C50B-B6AF-4E1D-BB1B-23AD9ACA1A69}.Release|Mixed Platforms.ActiveCfg = Release|Any CPU
		{8D45C50B-B6AF-4E1D-BB1B-23AD9ACA1A69}.Release|Mixed Platforms.Build.0 = Release|Any CPU
		{8D45C50B-B6AF-4E1D-BB1B-23AD9ACA1A69}.Release|Win32.ActiveCfg = Release|Any CPU
		{8D45C50B-B6AF-4E1D-BB1B-23AD9ACA1A69}.Release|x64.ActiveCfg = Release|Any CPU
		{8D45C50B-B6AF-4E1D-BB1B-23AD9ACA1A69}.Release|x86.ActiveCfg = Release|Any CPU
		{8D45C50B-B6AF-4E1D-BB1B-23AD9ACA1A69}.Release64|Any CPU.ActiveCfg = Release|Any CPU
		{8D45C50B-B6AF-4E1D-BB1B-23AD9ACA1A69}.Release64|Any CPU.Build.0 = Release|Any CPU
		{8D45C50B-B6AF-4E1D-BB1B-23AD9ACA1A69}.Release64|Mixed Platforms.ActiveCfg = Release|Any CPU
		{8D45C50B-B6AF-4E1D-BB1B-23AD9ACA1A69}.Release64|Mixed Platforms.Build.0 = Release|Any CPU
		{8D45C50B-B6AF-4E1D-BB1B-23AD9ACA1A69}.Release64|Win32.ActiveCfg = Release|Any CPU
		{8D45C50B-B6AF-4E1D-BB1B-23AD9ACA1A69}.Release64|x64.ActiveCfg = Release|Any CPU
		{8D45C50B-B6AF-4E1D-BB1B-23AD9ACA1A69}.Release64|x86.ActiveCfg = Release|Any CPU
		{4E5FB743-B133-4D34-8596-61005C541C6B}.Debug|Any CPU.ActiveCfg = Debug|x86
		{4E5FB743-B133-4D34-8596-61005C541C6B}.Debug|Mixed Platforms.ActiveCfg = Debug|x86
		{4E5FB743-B133-4D34-8596-61005C541C6B}.Debug|Mixed Platforms.Build.0 = Debug|x86
		{4E5FB743-B133-4D34-8596-61005C541C6B}.Debug|Win32.ActiveCfg = Debug|x86
		{4E5FB743-B133-4D34-8596-61005C541C6B}.Debug|x64.ActiveCfg = Debug|x86
		{4E5FB743-B133-4D34-8596-61005C541C6B}.Debug|x86.ActiveCfg = Debug|x86
		{4E5FB743-B133-4D34-8596-61005C541C6B}.Debug|x86.Build.0 = Debug|x86
		{4E5FB743-B133-4D34-8596-61005C541C6B}.Release|Any CPU.ActiveCfg = Release|x86
		{4E5FB743-B133-4D34-8596-61005C541C6B}.Release|Mixed Platforms.ActiveCfg = Release|x86
		{4E5FB743-B133-4D34-8596-61005C541C6B}.Release|Mixed Platforms.Build.0 = Release|x86
		{4E5FB743-B133-4D34-8596-61005C541C6B}.Release|Win32.ActiveCfg = Release|x86
		{4E5FB743-B133-4D34-8596-61005C541C6B}.Release|x64.ActiveCfg = Release|x86
		{4E5FB743-B133-4D34-8596-61005C541C6B}.Release|x86.ActiveCfg = Release|x86
		{4E5FB743-B133-4D34-8596-61005C541C6B}.Release|x86.Build.0 = Release|x86
		{4E5FB743-B133-4D34-8596-61005C541C6B}.Release64|Any CPU.ActiveCfg = Release|x86
		{4E5FB743-B133-4D34-8596-61005C541C6B}.Release64|Mixed Platforms.ActiveCfg = Release|x86
		{4E5FB743-B133-4D34-8596-61005C541C6B}.Release64|Mixed Platforms.Build.0 = Release|x86
		{4E5FB743-B133-4D34-8596-61005C541C6B}.Release64|Win32.ActiveCfg = Release|x86
		{4E5FB743-B133-4D34-8596-61005C541C6B}.Release64|x64.ActiveCfg = Release|x86
		{4E5FB743-B133-4D34-8596-61005C541C6B}.Release64|x86.ActiveCfg = Release|x86
		{4E5FB743-B133-4D34-8596-61005C541C6B}.Release64|x86.Build.0 = Release|x86
		{D3F92655-7DAC-4FE2-A561-717B7F9D3478}.Debug|Any CPU.ActiveCfg = Debug|x86
		{D3F92655-7DAC-4FE2-A561-717B7F9D3478}.Debug|Mixed Platforms.ActiveCfg = Debug|x86
		{D3F92655-7DAC-4FE2-A561-717B7F9D3478}.Debug|Mixed Platforms.Build.0 = Debug|x86
		{D3F92655-7DAC-4FE2-A561-717B7F9D3478}.Debug|Win32.ActiveCfg = Debug|x86
		{D3F92655-7DAC-4FE2-A561-717B7F9D3478}.Debug|x64.ActiveCfg = Debug|x86
		{D3F92655-7DAC-4FE2-A561-717B7F9D3478}.Debug|x86.ActiveCfg = Debug|x86
		{D3F92655-7DAC-4FE2-A561-717B7F9D3478}.Debug|x86.Build.0 = Debug|x86
		{D3F92655-7DAC-4FE2-A561-717B7F9D3478}.Release|Any CPU.ActiveCfg = Release|x86
		{D3F92655-7DAC-4FE2-A561-717B7F9D3478}.Release|Mixed Platforms.ActiveCfg = Release|x86
		{D3F92655-7DAC-4FE2-A561-717B7F9D3478}.Release|Mixed Platforms.Build.0 = Release|x86
		{D3F92655-7DAC-4FE2-A561-717B7F9D3478}.Release|Win32.ActiveCfg = Release|x86
		{D3F92655-7DAC-4FE2-A561-717B7F9D3478}.Release|x64.ActiveCfg = Release|x86
		{D3F92655-7DAC-4FE2-A561-717B7F9D3478}.Release|x86.ActiveCfg = Release|x86
		{D3F92655-7DAC-4FE2-A561-717B7F9D3478}.Release|x86.Build.0 = Release|x86
		{D3F92655-7DAC-4FE2-A561-717B7F9D3478}.Release64|Any CPU.ActiveCfg = Release|x86
		{D3F92655-7DAC-4FE2-A561-717B7F9D3478}.Release64|Mixed Platforms.ActiveCfg = Release|x86
		{D3F92655-7DAC-4FE2-A561-717B7F9D3478}.Release64|Mixed Platforms.Build.0 = Release|x86
		{D3F92655-7DAC-4FE2-A561-717B7F9D3478}.Release64|Win32.ActiveCfg = Release|x86
		{D3F92655-7DAC-4FE2-A561-717B7F9D3478}.Release64|x64.ActiveCfg = Release|x86
		{D3F92655-7DAC-4FE2-A561-717B7F9D3478}.Release64|x86.ActiveCfg = Release|x86
		{D3F92655-7DAC-4FE2-A561-717B7F9D3478}.Release64|x86.Build.0 = Release|x86
		{53448031-0811-48B6-A765-0B18B484D783}.Debug|Any CPU.ActiveCfg = Debug|x86
		{53448031-0811-48B6-A765-0B18B484D783}.Debug|Mixed Platforms.ActiveCfg = Debug|x86
		{53448031-0811-48B6-A765-0B18B484D783}.Debug|Mixed Platforms.Build.0 = Debug|x86
		{53448031-0811-48B6-A765-0B18B484D783}.Debug|Win32.ActiveCfg = Debug|x86
		{53448031-0811-48B6-A765-0B18B484D783}.Debug|x64.ActiveCfg = Debug|x86
		{53448031-0811-48B6-A765-0B18B484D783}.Debug|x86.ActiveCfg = Debug|x86
		{53448031-0811-48B6-A765-0B18B484D783}.Debug|x86.Build.0 = Debug|x86
		{53448031-0811-48B6-A765-0B18B484D783}.Release|Any CPU.ActiveCfg = Release|x86
		{53448031-0811-48B6-A765-0B18B484D783}.Release|Mixed Platforms.ActiveCfg = Release|x86
		{53448031-0811-48B6-A765-0B18B484D783}.Release|Mixed Platforms.Build.0 = Release|x86
		{53448031-0811-48B6-A765-0B18B484D783}.Release|Win32.ActiveCfg = Release|x86
		{53448031-0811-48B6-A765-0B18B484D783}.Release|x64.ActiveCfg = Release|x86
		{53448031-0811-48B6-A765-0B18B484D783}.Release|x86.ActiveCfg = Release|x86
		{53448031-0811-48B6-A765-0B18B484D783}.Release|x86.Build.0 = Release|x86
		{53448031-0811-48B6-A765-0B18B484D783}.Release64|Any CPU.ActiveCfg = Release|x86
		{53448031-0811-48B6-A765-0B18B484D783}.Release64|Mixed Platforms.ActiveCfg = Release|x86
		{53448031-0811-48B6-A765-0B18B484D783}.Release64|Mixed Platforms.Build.0 = Release|x86
		{53448031-0811-48B6-A765-0B18B484D783}.Release64|Win32.ActiveCfg = Release|x86
		{53448031-0811-48B6-A765-0B18B484D783}.Release64|x64.ActiveCfg = Release|x86
		{53448031-0811-48B6-A765-0B18B484D783}.Release64|x86.ActiveCfg = Release|x86
		{53448031-0811-48B6-A765-0B18B484D783}.Release64|x86.Build.0 = Release|x86
		{26F00C1A-DB21-4EEA-BA51-1E3769C27DE7}.Debug|Any CPU.ActiveCfg = Debug|Any CPU
		{26F00C1A-DB21-4EEA-BA51-1E3769C27DE7}.Debug|Any CPU.Build.0 = Debug|Any CPU
		{26F00C1A-DB21-4EEA-BA51-1E3769C27DE7}.Debug|Mixed Platforms.ActiveCfg = Debug|Any CPU
		{26F00C1A-DB21-4EEA-BA51-1E3769C27DE7}.Debug|Mixed Platforms.Build.0 = Debug|Any CPU
		{26F00C1A-DB21-4EEA-BA51-1E3769C27DE7}.Debug|Win32.ActiveCfg = Debug|Any CPU
		{26F00C1A-DB21-4EEA-BA51-1E3769C27DE7}.Debug|x64.ActiveCfg = Debug|Any CPU
		{26F00C1A-DB21-4EEA-BA51-1E3769C27DE7}.Debug|x86.ActiveCfg = Debug|Any CPU
		{26F00C1A-DB21-4EEA-BA51-1E3769C27DE7}.Release|Any CPU.ActiveCfg = Release|Any CPU
		{26F00C1A-DB21-4EEA-BA51-1E3769C27DE7}.Release|Any CPU.Build.0 = Release|Any CPU
		{26F00C1A-DB21-4EEA-BA51-1E3769C27DE7}.Release|Mixed Platforms.ActiveCfg = Release|Any CPU
		{26F00C1A-DB21-4EEA-BA51-1E3769C27DE7}.Release|Mixed Platforms.Build.0 = Release|Any CPU
		{26F00C1A-DB21-4EEA-BA51-1E3769C27DE7}.Release|Win32.ActiveCfg = Release|Any CPU
		{26F00C1A-DB21-4EEA-BA51-1E3769C27DE7}.Release|x64.ActiveCfg = Release|Any CPU
		{26F00C1A-DB21-4EEA-BA51-1E3769C27DE7}.Release|x86.ActiveCfg = Release|Any CPU
		{26F00C1A-DB21-4EEA-BA51-1E3769C27DE7}.Release64|Any CPU.ActiveCfg = Release|Any CPU
		{26F00C1A-DB21-4EEA-BA51-1E3769C27DE7}.Release64|Any CPU.Build.0 = Release|Any CPU
		{26F00C1A-DB21-4EEA-BA51-1E3769C27DE7}.Release64|Mixed Platforms.ActiveCfg = Release|Any CPU
		{26F00C1A-DB21-4EEA-BA51-1E3769C27DE7}.Release64|Mixed Platforms.Build.0 = Release|Any CPU
		{26F00C1A-DB21-4EEA-BA51-1E3769C27DE7}.Release64|Win32.ActiveCfg = Release|Any CPU
		{26F00C1A-DB21-4EEA-BA51-1E3769C27DE7}.Release64|x64.ActiveCfg = Release|Any CPU
		{26F00C1A-DB21-4EEA-BA51-1E3769C27DE7}.Release64|x86.ActiveCfg = Release|Any CPU
		{2822089A-8A4D-4B41-B69D-1E0EC0FEAAEA}.Debug|Any CPU.ActiveCfg = Debug|x86
		{2822089A-8A4D-4B41-B69D-1E0EC0FEAAEA}.Debug|Mixed Platforms.ActiveCfg = Debug|x86
		{2822089A-8A4D-4B41-B69D-1E0EC0FEAAEA}.Debug|Mixed Platforms.Build.0 = Debug|x86
		{2822089A-8A4D-4B41-B69D-1E0EC0FEAAEA}.Debug|Win32.ActiveCfg = Debug|x86
		{2822089A-8A4D-4B41-B69D-1E0EC0FEAAEA}.Debug|x64.ActiveCfg = Debug|x86
		{2822089A-8A4D-4B41-B69D-1E0EC0FEAAEA}.Debug|x86.ActiveCfg = Debug|x86
		{2822089A-8A4D-4B41-B69D-1E0EC0FEAAEA}.Debug|x86.Build.0 = Debug|x86
		{2822089A-8A4D-4B41-B69D-1E0EC0FEAAEA}.Release|Any CPU.ActiveCfg = Release|x86
		{2822089A-8A4D-4B41-B69D-1E0EC0FEAAEA}.Release|Mixed Platforms.ActiveCfg = Release|x86
		{2822089A-8A4D-4B41-B69D-1E0EC0FEAAEA}.Release|Mixed Platforms.Build.0 = Release|x86
		{2822089A-8A4D-4B41-B69D-1E0EC0FEAAEA}.Release|Win32.ActiveCfg = Release|x86
		{2822089A-8A4D-4B41-B69D-1E0EC0FEAAEA}.Release|x64.ActiveCfg = Release|x86
		{2822089A-8A4D-4B41-B69D-1E0EC0FEAAEA}.Release|x86.ActiveCfg = Release|x86
		{2822089A-8A4D-4B41-B69D-1E0EC0FEAAEA}.Release|x86.Build.0 = Release|x86
		{2822089A-8A4D-4B41-B69D-1E0EC0FEAAEA}.Release64|Any CPU.ActiveCfg = Release|x86
		{2822089A-8A4D-4B41-B69D-1E0EC0FEAAEA}.Release64|Mixed Platforms.ActiveCfg = Release|x86
		{2822089A-8A4D-4B41-B69D-1E0EC0FEAAEA}.Release64|Mixed Platforms.Build.0 = Release|x86
		{2822089A-8A4D-4B41-B69D-1E0EC0FEAAEA}.Release64|Win32.ActiveCfg = Release|x86
		{2822089A-8A4D-4B41-B69D-1E0EC0FEAAEA}.Release64|x64.ActiveCfg = Release|x86
		{2822089A-8A4D-4B41-B69D-1E0EC0FEAAEA}.Release64|x86.ActiveCfg = Release|x86
		{2822089A-8A4D-4B41-B69D-1E0EC0FEAAEA}.Release64|x86.Build.0 = Release|x86
		{F7F94CAE-47E0-44A9-B52E-777F68BF9EEC}.Debug|Any CPU.ActiveCfg = Debug|x86
		{F7F94CAE-47E0-44A9-B52E-777F68BF9EEC}.Debug|Mixed Platforms.ActiveCfg = Debug|x86
		{F7F94CAE-47E0-44A9-B52E-777F68BF9EEC}.Debug|Mixed Platforms.Build.0 = Debug|x86
		{F7F94CAE-47E0-44A9-B52E-777F68BF9EEC}.Debug|Win32.ActiveCfg = Debug|x86
		{F7F94CAE-47E0-44A9-B52E-777F68BF9EEC}.Debug|x64.ActiveCfg = Debug|x86
		{F7F94CAE-47E0-44A9-B52E-777F68BF9EEC}.Debug|x86.ActiveCfg = Debug|x86
		{F7F94CAE-47E0-44A9-B52E-777F68BF9EEC}.Debug|x86.Build.0 = Debug|x86
		{F7F94CAE-47E0-44A9-B52E-777F68BF9EEC}.Release|Any CPU.ActiveCfg = Release|x86
		{F7F94CAE-47E0-44A9-B52E-777F68BF9EEC}.Release|Mixed Platforms.ActiveCfg = Release|x86
		{F7F94CAE-47E0-44A9-B52E-777F68BF9EEC}.Release|Mixed Platforms.Build.0 = Release|x86
		{F7F94CAE-47E0-44A9-B52E-777F68BF9EEC}.Release|Win32.ActiveCfg = Release|x86
		{F7F94CAE-47E0-44A9-B52E-777F68BF9EEC}.Release|x64.ActiveCfg = Release|x86
		{F7F94CAE-47E0-44A9-B52E-777F68BF9EEC}.Release|x86.ActiveCfg = Release|x86
		{F7F94CAE-47E0-44A9-B52E-777F68BF9EEC}.Release|x86.Build.0 = Release|x86
		{F7F94CAE-47E0-44A9-B52E-777F68BF9EEC}.Release64|Any CPU.ActiveCfg = Release|x86
		{F7F94CAE-47E0-44A9-B52E-777F68BF9EEC}.Release64|Mixed Platforms.ActiveCfg = Release|x86
		{F7F94CAE-47E0-44A9-B52E-777F68BF9EEC}.Release64|Mixed Platforms.Build.0 = Release|x86
		{F7F94CAE-47E0-44A9-B52E-777F68BF9EEC}.Release64|Win32.ActiveCfg = Release|x86
		{F7F94CAE-47E0-44A9-B52E-777F68BF9EEC}.Release64|x64.ActiveCfg = Release|x86
		{F7F94CAE-47E0-44A9-B52E-777F68BF9EEC}.Release64|x86.ActiveCfg = Release|x86
		{F7F94CAE-47E0-44A9-B52E-777F68BF9EEC}.Release64|x86.Build.0 = Release|x86
	EndGlobalSection
	GlobalSection(SolutionProperties) = preSolution
		HideSolutionNode = FALSE
	EndGlobalSection
EndGlobal
