
Microsoft Visual Studio Solution File, Format Version 11.00
# Visual Studio 2010
Project("{FAE04EC0-301F-11D3-BF4B-00C04F79EFBC}") = "Core", "Core\Core.csproj", "{72DA6619-B8C5-4189-BE52-CC0F0FCFFF67}"
EndProject
Project("{FAE04EC0-301F-11D3-BF4B-00C04F79EFBC}") = "Utility", "Utility\Utility.csproj", "{8D45C50B-B6AF-4E1D-BB1B-23AD9ACA1A69}"
EndProject
Project("{FAE04EC0-301F-11D3-BF4B-00C04F79EFBC}") = "Test", "Test\Test.csproj", "{4E5FB743-B133-4D34-8596-61005C541C6B}"
EndProject
Project("{FAE04EC0-301F-11D3-BF4B-00C04F79EFBC}") = "RecordTest", "RecordTest\RecordTest.csproj", "{5B8778B7-3486-4BC6-B652-5D80E32FE859}"
EndProject
Project("{FAE04EC0-301F-11D3-BF4B-00C04F79EFBC}") = "Weibo", "Weibo\Weibo.csproj", "{0FD6B05F-43E4-4BD4-B1DC-DF784600E15B}"
EndProject
Project("{FAE04EC0-301F-11D3-BF4B-00C04F79EFBC}") = "AExplorer", "AExplorer\AExplorer.csproj", "{19098BCC-E61E-4451-9EA4-55111509D002}"
EndProject
Project("{FAE04EC0-301F-11D3-BF4B-00C04F79EFBC}") = "TechTree", "TechTree\TechTree.csproj", "{70D9B7A2-F930-4659-9A2B-76981F7E4C34}"
EndProject
Project("{FAE04EC0-301F-11D3-BF4B-00C04F79EFBC}") = "ConsoleTest", "ConsoleTest\ConsoleTest.csproj", "{D3F92655-7DAC-4FE2-A561-717B7F9D3478}"
EndProject
Project("{FAE04EC0-301F-11D3-BF4B-00C04F79EFBC}") = "Snake", "Snake\Snake.csproj", "{53448031-0811-48B6-A765-0B18B484D783}"
EndProject
Global
	GlobalSection(TestCaseManagementSettings) = postSolution
		CategoryFile = Brief.vsmdi
	EndGlobalSection
	GlobalSection(SolutionConfigurationPlatforms) = preSolution
		Debug|Any CPU = Debug|Any CPU
		Debug|Mixed Platforms = Debug|Mixed Platforms
		Debug|x86 = Debug|x86
		Release|Any CPU = Release|Any CPU
		Release|Mixed Platforms = Release|Mixed Platforms
		Release|x86 = Release|x86
	EndGlobalSection
	GlobalSection(ProjectConfigurationPlatforms) = postSolution
		{72DA6619-B8C5-4189-BE52-CC0F0FCFFF67}.Debug|Any CPU.ActiveCfg = Debug|Any CPU
		{72DA6619-B8C5-4189-BE52-CC0F0FCFFF67}.Debug|Any CPU.Build.0 = Debug|Any CPU
		{72DA6619-B8C5-4189-BE52-CC0F0FCFFF67}.Debug|Mixed Platforms.ActiveCfg = Debug|Any CPU
		{72DA6619-B8C5-4189-BE52-CC0F0FCFFF67}.Debug|Mixed Platforms.Build.0 = Debug|Any CPU
		{72DA6619-B8C5-4189-BE52-CC0F0FCFFF67}.Debug|x86.ActiveCfg = Debug|Any CPU
		{72DA6619-B8C5-4189-BE52-CC0F0FCFFF67}.Release|Any CPU.ActiveCfg = Release|Any CPU
		{72DA6619-B8C5-4189-BE52-CC0F0FCFFF67}.Release|Any CPU.Build.0 = Release|Any CPU
		{72DA6619-B8C5-4189-BE52-CC0F0FCFFF67}.Release|Mixed Platforms.ActiveCfg = Release|Any CPU
		{72DA6619-B8C5-4189-BE52-CC0F0FCFFF67}.Release|Mixed Platforms.Build.0 = Release|Any CPU
		{72DA6619-B8C5-4189-BE52-CC0F0FCFFF67}.Release|x86.ActiveCfg = Release|Any CPU
		{8D45C50B-B6AF-4E1D-BB1B-23AD9ACA1A69}.Debug|Any CPU.ActiveCfg = Debug|Any CPU
		{8D45C50B-B6AF-4E1D-BB1B-23AD9ACA1A69}.Debug|Any CPU.Build.0 = Debug|Any CPU
		{8D45C50B-B6AF-4E1D-BB1B-23AD9ACA1A69}.Debug|Mixed Platforms.ActiveCfg = Debug|Any CPU
		{8D45C50B-B6AF-4E1D-BB1B-23AD9ACA1A69}.Debug|Mixed Platforms.Build.0 = Debug|Any CPU
		{8D45C50B-B6AF-4E1D-BB1B-23AD9ACA1A69}.Debug|x86.ActiveCfg = Debug|Any CPU
		{8D45C50B-B6AF-4E1D-BB1B-23AD9ACA1A69}.Release|Any CPU.ActiveCfg = Release|Any CPU
		{8D45C50B-B6AF-4E1D-BB1B-23AD9ACA1A69}.Release|Any CPU.Build.0 = Release|Any CPU
		{8D45C50B-B6AF-4E1D-BB1B-23AD9ACA1A69}.Release|Mixed Platforms.ActiveCfg = Release|Any CPU
		{8D45C50B-B6AF-4E1D-BB1B-23AD9ACA1A69}.Release|Mixed Platforms.Build.0 = Release|Any CPU
		{8D45C50B-B6AF-4E1D-BB1B-23AD9ACA1A69}.Release|x86.ActiveCfg = Release|Any CPU
		{4E5FB743-B133-4D34-8596-61005C541C6B}.Debug|Any CPU.ActiveCfg = Debug|x86
		{4E5FB743-B133-4D34-8596-61005C541C6B}.Debug|Mixed Platforms.ActiveCfg = Debug|x86
		{4E5FB743-B133-4D34-8596-61005C541C6B}.Debug|Mixed Platforms.Build.0 = Debug|x86
		{4E5FB743-B133-4D34-8596-61005C541C6B}.Debug|x86.ActiveCfg = Debug|x86
		{4E5FB743-B133-4D34-8596-61005C541C6B}.Debug|x86.Build.0 = Debug|x86
		{4E5FB743-B133-4D34-8596-61005C541C6B}.Release|Any CPU.ActiveCfg = Release|x86
		{4E5FB743-B133-4D34-8596-61005C541C6B}.Release|Mixed Platforms.ActiveCfg = Release|x86
		{4E5FB743-B133-4D34-8596-61005C541C6B}.Release|Mixed Platforms.Build.0 = Release|x86
		{4E5FB743-B133-4D34-8596-61005C541C6B}.Release|x86.ActiveCfg = Release|x86
		{4E5FB743-B133-4D34-8596-61005C541C6B}.Release|x86.Build.0 = Release|x86
		{5B8778B7-3486-4BC6-B652-5D80E32FE859}.Debug|Any CPU.ActiveCfg = Debug|x86
		{5B8778B7-3486-4BC6-B652-5D80E32FE859}.Debug|Mixed Platforms.ActiveCfg = Debug|x86
		{5B8778B7-3486-4BC6-B652-5D80E32FE859}.Debug|Mixed Platforms.Build.0 = Debug|x86
		{5B8778B7-3486-4BC6-B652-5D80E32FE859}.Debug|x86.ActiveCfg = Debug|x86
		{5B8778B7-3486-4BC6-B652-5D80E32FE859}.Debug|x86.Build.0 = Debug|x86
		{5B8778B7-3486-4BC6-B652-5D80E32FE859}.Release|Any CPU.ActiveCfg = Release|x86
		{5B8778B7-3486-4BC6-B652-5D80E32FE859}.Release|Mixed Platforms.ActiveCfg = Release|x86
		{5B8778B7-3486-4BC6-B652-5D80E32FE859}.Release|Mixed Platforms.Build.0 = Release|x86
		{5B8778B7-3486-4BC6-B652-5D80E32FE859}.Release|x86.ActiveCfg = Release|x86
		{5B8778B7-3486-4BC6-B652-5D80E32FE859}.Release|x86.Build.0 = Release|x86
		{0FD6B05F-43E4-4BD4-B1DC-DF784600E15B}.Debug|Any CPU.ActiveCfg = Debug|x86
		{0FD6B05F-43E4-4BD4-B1DC-DF784600E15B}.Debug|Mixed Platforms.ActiveCfg = Debug|x86
		{0FD6B05F-43E4-4BD4-B1DC-DF784600E15B}.Debug|Mixed Platforms.Build.0 = Debug|x86
		{0FD6B05F-43E4-4BD4-B1DC-DF784600E15B}.Debug|x86.ActiveCfg = Debug|x86
		{0FD6B05F-43E4-4BD4-B1DC-DF784600E15B}.Debug|x86.Build.0 = Debug|x86
		{0FD6B05F-43E4-4BD4-B1DC-DF784600E15B}.Release|Any CPU.ActiveCfg = Release|x86
		{0FD6B05F-43E4-4BD4-B1DC-DF784600E15B}.Release|Mixed Platforms.ActiveCfg = Release|x86
		{0FD6B05F-43E4-4BD4-B1DC-DF784600E15B}.Release|Mixed Platforms.Build.0 = Release|x86
		{0FD6B05F-43E4-4BD4-B1DC-DF784600E15B}.Release|x86.ActiveCfg = Release|x86
		{0FD6B05F-43E4-4BD4-B1DC-DF784600E15B}.Release|x86.Build.0 = Release|x86
		{19098BCC-E61E-4451-9EA4-55111509D002}.Debug|Any CPU.ActiveCfg = Debug|x86
		{19098BCC-E61E-4451-9EA4-55111509D002}.Debug|Mixed Platforms.ActiveCfg = Debug|x86
		{19098BCC-E61E-4451-9EA4-55111509D002}.Debug|Mixed Platforms.Build.0 = Debug|x86
		{19098BCC-E61E-4451-9EA4-55111509D002}.Debug|x86.ActiveCfg = Debug|x86
		{19098BCC-E61E-4451-9EA4-55111509D002}.Debug|x86.Build.0 = Debug|x86
		{19098BCC-E61E-4451-9EA4-55111509D002}.Release|Any CPU.ActiveCfg = Release|x86
		{19098BCC-E61E-4451-9EA4-55111509D002}.Release|Mixed Platforms.ActiveCfg = Release|x86
		{19098BCC-E61E-4451-9EA4-55111509D002}.Release|Mixed Platforms.Build.0 = Release|x86
		{19098BCC-E61E-4451-9EA4-55111509D002}.Release|x86.ActiveCfg = Release|x86
		{19098BCC-E61E-4451-9EA4-55111509D002}.Release|x86.Build.0 = Release|x86
		{70D9B7A2-F930-4659-9A2B-76981F7E4C34}.Debug|Any CPU.ActiveCfg = Debug|x86
		{70D9B7A2-F930-4659-9A2B-76981F7E4C34}.Debug|Mixed Platforms.ActiveCfg = Debug|x86
		{70D9B7A2-F930-4659-9A2B-76981F7E4C34}.Debug|Mixed Platforms.Build.0 = Debug|x86
		{70D9B7A2-F930-4659-9A2B-76981F7E4C34}.Debug|x86.ActiveCfg = Debug|x86
		{70D9B7A2-F930-4659-9A2B-76981F7E4C34}.Debug|x86.Build.0 = Debug|x86
		{70D9B7A2-F930-4659-9A2B-76981F7E4C34}.Release|Any CPU.ActiveCfg = Release|x86
		{70D9B7A2-F930-4659-9A2B-76981F7E4C34}.Release|Mixed Platforms.ActiveCfg = Release|x86
		{70D9B7A2-F930-4659-9A2B-76981F7E4C34}.Release|Mixed Platforms.Build.0 = Release|x86
		{70D9B7A2-F930-4659-9A2B-76981F7E4C34}.Release|x86.ActiveCfg = Release|x86
		{70D9B7A2-F930-4659-9A2B-76981F7E4C34}.Release|x86.Build.0 = Release|x86
		{D3F92655-7DAC-4FE2-A561-717B7F9D3478}.Debug|Any CPU.ActiveCfg = Debug|x86
		{D3F92655-7DAC-4FE2-A561-717B7F9D3478}.Debug|Mixed Platforms.ActiveCfg = Debug|x86
		{D3F92655-7DAC-4FE2-A561-717B7F9D3478}.Debug|Mixed Platforms.Build.0 = Debug|x86
		{D3F92655-7DAC-4FE2-A561-717B7F9D3478}.Debug|x86.ActiveCfg = Debug|x86
		{D3F92655-7DAC-4FE2-A561-717B7F9D3478}.Debug|x86.Build.0 = Debug|x86
		{D3F92655-7DAC-4FE2-A561-717B7F9D3478}.Release|Any CPU.ActiveCfg = Release|x86
		{D3F92655-7DAC-4FE2-A561-717B7F9D3478}.Release|Mixed Platforms.ActiveCfg = Release|x86
		{D3F92655-7DAC-4FE2-A561-717B7F9D3478}.Release|Mixed Platforms.Build.0 = Release|x86
		{D3F92655-7DAC-4FE2-A561-717B7F9D3478}.Release|x86.ActiveCfg = Release|x86
		{D3F92655-7DAC-4FE2-A561-717B7F9D3478}.Release|x86.Build.0 = Release|x86
		{53448031-0811-48B6-A765-0B18B484D783}.Debug|Any CPU.ActiveCfg = Debug|x86
		{53448031-0811-48B6-A765-0B18B484D783}.Debug|Mixed Platforms.ActiveCfg = Debug|x86
		{53448031-0811-48B6-A765-0B18B484D783}.Debug|Mixed Platforms.Build.0 = Debug|x86
		{53448031-0811-48B6-A765-0B18B484D783}.Debug|x86.ActiveCfg = Debug|x86
		{53448031-0811-48B6-A765-0B18B484D783}.Debug|x86.Build.0 = Debug|x86
		{53448031-0811-48B6-A765-0B18B484D783}.Release|Any CPU.ActiveCfg = Release|x86
		{53448031-0811-48B6-A765-0B18B484D783}.Release|Mixed Platforms.ActiveCfg = Release|x86
		{53448031-0811-48B6-A765-0B18B484D783}.Release|Mixed Platforms.Build.0 = Release|x86
		{53448031-0811-48B6-A765-0B18B484D783}.Release|x86.ActiveCfg = Release|x86
		{53448031-0811-48B6-A765-0B18B484D783}.Release|x86.Build.0 = Release|x86
	EndGlobalSection
	GlobalSection(SolutionProperties) = preSolution
		HideSolutionNode = FALSE
	EndGlobalSection
EndGlobal
