
Microsoft Visual Studio Solution File, Format Version 11.00
# Visual Studio 2010
Project("{FAE04EC0-301F-11D3-BF4B-00C04F79EFBC}") = "SpringAopDemo", "SpringAopDemo.csproj", "{4F9852E2-5B67-4DBB-9FC0-3F419BA5D8BB}"
EndProject
Global
	GlobalSection(SolutionConfigurationPlatforms) = preSolution
		Debug|x86 = Debug|x86
		Release|x86 = Release|x86
	EndGlobalSection
	GlobalSection(ProjectConfigurationPlatforms) = postSolution
		{4F9852E2-5B67-4DBB-9FC0-3F419BA5D8BB}.Debug|x86.ActiveCfg = Debug|x86
		{4F9852E2-5B67-4DBB-9FC0-3F419BA5D8BB}.Debug|x86.Build.0 = Debug|x86
		{4F9852E2-5B67-4DBB-9FC0-3F419BA5D8BB}.Release|x86.ActiveCfg = Release|x86
		{4F9852E2-5B67-4DBB-9FC0-3F419BA5D8BB}.Release|x86.Build.0 = Release|x86
	EndGlobalSection
	GlobalSection(SolutionProperties) = preSolution
		HideSolutionNode = FALSE
	EndGlobalSection
EndGlobal
