
Microsoft Visual Studio Solution File, Format Version 11.00
# Visual Studio 2010
Project("{FAE04EC0-301F-11D3-BF4B-00C04F79EFBC}") = "Test", "Test.csproj", "{4E5FB743-B133-4D34-8596-61005C541C6B}"
EndProject
Project("{FAE04EC0-301F-11D3-BF4B-00C04F79EFBC}") = "WindowsFormTest", "..\WindowsFormTest\WindowsFormTest.csproj", "{953AD8B4-B4F1-4EEE-870B-B2CCDD516AAF}"
EndProject
Global
	GlobalSection(SolutionConfigurationPlatforms) = preSolution
		Debug|x86 = Debug|x86
		Release|x86 = Release|x86
	EndGlobalSection
	GlobalSection(ProjectConfigurationPlatforms) = postSolution
		{4E5FB743-B133-4D34-8596-61005C541C6B}.Debug|x86.ActiveCfg = Debug|x86
		{4E5FB743-B133-4D34-8596-61005C541C6B}.Debug|x86.Build.0 = Debug|x86
		{4E5FB743-B133-4D34-8596-61005C541C6B}.Release|x86.ActiveCfg = Release|x86
		{4E5FB743-B133-4D34-8596-61005C541C6B}.Release|x86.Build.0 = Release|x86
		{953AD8B4-B4F1-4EEE-870B-B2CCDD516AAF}.Debug|x86.ActiveCfg = Debug|x86
		{953AD8B4-B4F1-4EEE-870B-B2CCDD516AAF}.Debug|x86.Build.0 = Debug|x86
		{953AD8B4-B4F1-4EEE-870B-B2CCDD516AAF}.Release|x86.ActiveCfg = Release|x86
		{953AD8B4-B4F1-4EEE-870B-B2CCDD516AAF}.Release|x86.Build.0 = Release|x86
	EndGlobalSection
	GlobalSection(SolutionProperties) = preSolution
		HideSolutionNode = FALSE
	EndGlobalSection
EndGlobal
