
Microsoft Visual Studio Solution File, Format Version 11.00
# Visual Studio 2010
Project("{FAE04EC0-301F-11D3-BF4B-00C04F79EFBC}") = "DataAccess", "DataAccess\DataAccess.csproj", "{4DF49465-F81E-4BE5-9EDD-8AE1BF278B56}"
EndProject
Project("{FAE04EC0-301F-11D3-BF4B-00C04F79EFBC}") = "DataTransfer", "DataTransfer\DataTransfer.csproj", "{F4A44100-4E59-4142-B3BE-9DF27B752A28}"
EndProject
Project("{FAE04EC0-301F-11D3-BF4B-00C04F79EFBC}") = "TelerikUsing", "TelerikUsing\TelerikUsing.csproj", "{1D680A8B-82B3-4E7D-894A-488EFB5D36A0}"
EndProject
Project("{FAE04EC0-301F-11D3-BF4B-00C04F79EFBC}") = "Utility", "..\Utility\Utility.csproj", "{8D45C50B-B6AF-4E1D-BB1B-23AD9ACA1A69}"
EndProject
Global
	GlobalSection(SolutionConfigurationPlatforms) = preSolution
		Debug|Any CPU = Debug|Any CPU
		Release|Any CPU = Release|Any CPU
	EndGlobalSection
	GlobalSection(ProjectConfigurationPlatforms) = postSolution
		{4DF49465-F81E-4BE5-9EDD-8AE1BF278B56}.Debug|Any CPU.ActiveCfg = Debug|Any CPU
		{4DF49465-F81E-4BE5-9EDD-8AE1BF278B56}.Debug|Any CPU.Build.0 = Debug|Any CPU
		{4DF49465-F81E-4BE5-9EDD-8AE1BF278B56}.Release|Any CPU.ActiveCfg = Release|Any CPU
		{4DF49465-F81E-4BE5-9EDD-8AE1BF278B56}.Release|Any CPU.Build.0 = Release|Any CPU
		{F4A44100-4E59-4142-B3BE-9DF27B752A28}.Debug|Any CPU.ActiveCfg = Debug|Any CPU
		{F4A44100-4E59-4142-B3BE-9DF27B752A28}.Debug|Any CPU.Build.0 = Debug|Any CPU
		{F4A44100-4E59-4142-B3BE-9DF27B752A28}.Release|Any CPU.ActiveCfg = Release|Any CPU
		{F4A44100-4E59-4142-B3BE-9DF27B752A28}.Release|Any CPU.Build.0 = Release|Any CPU
		{1D680A8B-82B3-4E7D-894A-488EFB5D36A0}.Debug|Any CPU.ActiveCfg = Debug|Any CPU
		{1D680A8B-82B3-4E7D-894A-488EFB5D36A0}.Debug|Any CPU.Build.0 = Debug|Any CPU
		{1D680A8B-82B3-4E7D-894A-488EFB5D36A0}.Release|Any CPU.ActiveCfg = Release|Any CPU
		{1D680A8B-82B3-4E7D-894A-488EFB5D36A0}.Release|Any CPU.Build.0 = Release|Any CPU
		{8D45C50B-B6AF-4E1D-BB1B-23AD9ACA1A69}.Debug|Any CPU.ActiveCfg = Debug|Any CPU
		{8D45C50B-B6AF-4E1D-BB1B-23AD9ACA1A69}.Debug|Any CPU.Build.0 = Debug|Any CPU
		{8D45C50B-B6AF-4E1D-BB1B-23AD9ACA1A69}.Release|Any CPU.ActiveCfg = Release|Any CPU
		{8D45C50B-B6AF-4E1D-BB1B-23AD9ACA1A69}.Release|Any CPU.Build.0 = Release|Any CPU
	EndGlobalSection
	GlobalSection(SolutionProperties) = preSolution
		HideSolutionNode = FALSE
	EndGlobalSection
EndGlobal
