
Microsoft Visual Studio Solution File, Format Version 10.00
# Visual Studio 2008
Project("{FAE04EC0-301F-11D3-BF4B-00C04F79EFBC}") = "AceCodeMain", "AceCodeMain.csproj", "{07180390-13D5-47D6-A1D9-8743DCA2BC17}"
EndProject
Global
	GlobalSection(SolutionConfigurationPlatforms) = preSolution
		Debug|Any CPU = Debug|Any CPU
		Release|Any CPU = Release|Any CPU
	EndGlobalSection
	GlobalSection(ProjectConfigurationPlatforms) = postSolution
		{07180390-13D5-47D6-A1D9-8743DCA2BC17}.Debug|Any CPU.ActiveCfg = Debug|Any CPU
		{07180390-13D5-47D6-A1D9-8743DCA2BC17}.Debug|Any CPU.Build.0 = Debug|Any CPU
		{07180390-13D5-47D6-A1D9-8743DCA2BC17}.Release|Any CPU.ActiveCfg = Release|Any CPU
		{07180390-13D5-47D6-A1D9-8743DCA2BC17}.Release|Any CPU.Build.0 = Release|Any CPU
	EndGlobalSection
	GlobalSection(SolutionProperties) = preSolution
		HideSolutionNode = FALSE
	EndGlobalSection
EndGlobal
